Microsoft Visual Studio Solution File, Format Version 12.00
# Visual Studio 15
VisualStudioVersion = 15.0.26124.0
MinimumVisualStudioVersion = 15.0.26124.0
Project("{2150E333-8FDC-42A3-9474-1A3956D46DE8}") = "Microservices", "Microservices", "{9B2AD1FE-654D-4A81-A0C4-2AA8770862B4}"
EndProject
Project("{9A19103F-16F7-4668-BE54-9A1E7A4F7556}") = "Basket.Api", "Microservices\Basket.Api\Basket.Api.csproj", "{64325E39-CDBF-4489-B2A8-EA7FFB57F107}"
EndProject
Project("{9A19103F-16F7-4668-BE54-9A1E7A4F7556}") = "Catalog.Api", "Microservices\Catalog.Api\Catalog.Api.csproj", "{E3DF9947-FEA7-4BDF-8CB4-FD552048BC17}"
EndProject
Project("{9A19103F-16F7-4668-BE54-9A1E7A4F7556}") = "RabbitEventBus", "Shared\RabbitEventBus\RabbitEventBus.csproj", "{60B7774F-E3BE-4CDF-A6B7-8FEB8EA4D713}"
EndProject
Project("{2150E333-8FDC-42A3-9474-1A3956D46DE8}") = "Basket", "Basket", "{00853EB8-CA2D-4362-BF25-BEBB4A7C3030}"
EndProject
Project("{2150E333-8FDC-42A3-9474-1A3956D46DE8}") = "Catalog", "Catalog", "{D3E00AD4-B997-4F15-8F3A-55C600CCC58B}"
EndProject
Global
	GlobalSection(SolutionConfigurationPlatforms) = preSolution
		Debug|Any CPU = Debug|Any CPU
		Debug|x64 = Debug|x64
		Debug|x86 = Debug|x86
		Release|Any CPU = Release|Any CPU
		Release|x64 = Release|x64
		Release|x86 = Release|x86
	EndGlobalSection
	GlobalSection(ProjectConfigurationPlatforms) = postSolution
		{64325E39-CDBF-4489-B2A8-EA7FFB57F107}.Debug|Any CPU.ActiveCfg = Debug|Any CPU
		{64325E39-CDBF-4489-B2A8-EA7FFB57F107}.Debug|Any CPU.Build.0 = Debug|Any CPU
		{64325E39-CDBF-4489-B2A8-EA7FFB57F107}.Debug|x64.ActiveCfg = Debug|Any CPU
		{64325E39-CDBF-4489-B2A8-EA7FFB57F107}.Debug|x64.Build.0 = Debug|Any CPU
		{64325E39-CDBF-4489-B2A8-EA7FFB57F107}.Debug|x86.ActiveCfg = Debug|Any CPU
		{64325E39-CDBF-4489-B2A8-EA7FFB57F107}.Debug|x86.Build.0 = Debug|Any CPU
		{64325E39-CDBF-4489-B2A8-EA7FFB57F107}.Release|Any CPU.ActiveCfg = Release|Any CPU
		{64325E39-CDBF-4489-B2A8-EA7FFB57F107}.Release|Any CPU.Build.0 = Release|Any CPU
		{64325E39-CDBF-4489-B2A8-EA7FFB57F107}.Release|x64.ActiveCfg = Release|Any CPU
		{64325E39-CDBF-4489-B2A8-EA7FFB57F107}.Release|x64.Build.0 = Release|Any CPU
		{64325E39-CDBF-4489-B2A8-EA7FFB57F107}.Release|x86.ActiveCfg = Release|Any CPU
		{64325E39-CDBF-4489-B2A8-EA7FFB57F107}.Release|x86.Build.0 = Release|Any CPU
		{E3DF9947-FEA7-4BDF-8CB4-FD552048BC17}.Debug|Any CPU.ActiveCfg = Debug|Any CPU
		{E3DF9947-FEA7-4BDF-8CB4-FD552048BC17}.Debug|Any CPU.Build.0 = Debug|Any CPU
		{E3DF9947-FEA7-4BDF-8CB4-FD552048BC17}.Debug|x64.ActiveCfg = Debug|Any CPU
		{E3DF9947-FEA7-4BDF-8CB4-FD552048BC17}.Debug|x64.Build.0 = Debug|Any CPU
		{E3DF9947-FEA7-4BDF-8CB4-FD552048BC17}.Debug|x86.ActiveCfg = Debug|Any CPU
		{E3DF9947-FEA7-4BDF-8CB4-FD552048BC17}.Debug|x86.Build.0 = Debug|Any CPU
		{E3DF9947-FEA7-4BDF-8CB4-FD552048BC17}.Release|Any CPU.ActiveCfg = Release|Any CPU
		{E3DF9947-FEA7-4BDF-8CB4-FD552048BC17}.Release|Any CPU.Build.0 = Release|Any CPU
		{E3DF9947-FEA7-4BDF-8CB4-FD552048BC17}.Release|x64.ActiveCfg = Release|Any CPU
		{E3DF9947-FEA7-4BDF-8CB4-FD552048BC17}.Release|x64.Build.0 = Release|Any CPU
		{E3DF9947-FEA7-4BDF-8CB4-FD552048BC17}.Release|x86.ActiveCfg = Release|Any CPU
		{E3DF9947-FEA7-4BDF-8CB4-FD552048BC17}.Release|x86.Build.0 = Release|Any CPU
		{60B7774F-E3BE-4CDF-A6B7-8FEB8EA4D713}.Debug|Any CPU.ActiveCfg = Debug|Any CPU
		{60B7774F-E3BE-4CDF-A6B7-8FEB8EA4D713}.Debug|Any CPU.Build.0 = Debug|Any CPU
		{60B7774F-E3BE-4CDF-A6B7-8FEB8EA4D713}.Debug|x64.ActiveCfg = Debug|Any CPU
		{60B7774F-E3BE-4CDF-A6B7-8FEB8EA4D713}.Debug|x64.Build.0 = Debug|Any CPU
		{60B7774F-E3BE-4CDF-A6B7-8FEB8EA4D713}.Debug|x86.ActiveCfg = Debug|Any CPU
		{60B7774F-E3BE-4CDF-A6B7-8FEB8EA4D713}.Debug|x86.Build.0 = Debug|Any CPU
		{60B7774F-E3BE-4CDF-A6B7-8FEB8EA4D713}.Release|Any CPU.ActiveCfg = Release|Any CPU
		{60B7774F-E3BE-4CDF-A6B7-8FEB8EA4D713}.Release|Any CPU.Build.0 = Release|Any CPU
		{60B7774F-E3BE-4CDF-A6B7-8FEB8EA4D713}.Release|x64.ActiveCfg = Release|Any CPU
		{60B7774F-E3BE-4CDF-A6B7-8FEB8EA4D713}.Release|x64.Build.0 = Release|Any CPU
		{60B7774F-E3BE-4CDF-A6B7-8FEB8EA4D713}.Release|x86.ActiveCfg = Release|Any CPU
		{60B7774F-E3BE-4CDF-A6B7-8FEB8EA4D713}.Release|x86.Build.0 = Release|Any CPU
	EndGlobalSection
	GlobalSection(SolutionProperties) = preSolution
		HideSolutionNode = FALSE
	EndGlobalSection
	GlobalSection(NestedProjects) = preSolution
		{64325E39-CDBF-4489-B2A8-EA7FFB57F107} = {00853EB8-CA2D-4362-BF25-BEBB4A7C3030}
		{E3DF9947-FEA7-4BDF-8CB4-FD552048BC17} = {D3E00AD4-B997-4F15-8F3A-55C600CCC58B}
		{00853EB8-CA2D-4362-BF25-BEBB4A7C3030} = {9B2AD1FE-654D-4A81-A0C4-2AA8770862B4}
		{D3E00AD4-B997-4F15-8F3A-55C600CCC58B} = {9B2AD1FE-654D-4A81-A0C4-2AA8770862B4}
	EndGlobalSection
	GlobalSection(ExtensibilityGlobals) = postSolution
		SolutionGuid = {17EBE8F3-0F78-4265-909E-B351C1245AF3}
	EndGlobalSection
EndGlobal
